<?xml version="1.0" encoding="utf-8"?>
<Project ToolsVersion="4.0" xmlns="http://schemas.microsoft.com/developer/msbuild/2003">
  <ItemGroup>
    <Filter Include="win32">
      <UniqueIdentifier>{84a8ebd7-7cf0-47f6-b75e-d441df67da40}</UniqueIdentifier>
    </Filter>
    <Filter Include="Classes">
      <UniqueIdentifier>{bb6c862e-70e9-49d9-81b7-3829a6f50471}</UniqueIdentifier>
    </Filter>
    <Filter Include="Classes\Scene3DTest">
      <UniqueIdentifier>{f7e74952-eece-467a-b27a-2e92db013997}</UniqueIdentifier>
    </Filter>
    <Filter Include="Classes\TerrainTest">
      <UniqueIdentifier>{fce24e05-14a0-450f-bbec-39db0a9572dd}</UniqueIdentifier>
    </Filter>
  </ItemGroup>
  <ItemGroup>
    <ClCompile Include="main.cpp">
      <Filter>win32</Filter>
    </ClCompile>
    <ClCompile Include="..\Classes\AppDelegate.cpp">
      <Filter>Classes</Filter>
    </ClCompile>
    <ClCompile Include="..\Classes\VisibleRect.cpp">
      <Filter>Classes</Filter>
    </ClCompile>
    <ClCompile Include="..\Classes\TerrainTest\TerrainTest.cpp">
      <Filter>Classes\TerrainTest</Filter>
    </ClCompile>
    <ClCompile Include="..\Classes\Scene3DTest\Scene3DTest.cpp">
      <Filter>Classes\Scene3DTest</Filter>
    </ClCompile>
  </ItemGroup>
  <ItemGroup>
    <ClInclude Include="main.h">
      <Filter>win32</Filter>
    </ClInclude>
    <ClInclude Include="..\Classes\AppDelegate.h">
      <Filter>Classes</Filter>
    </ClInclude>
    <ClInclude Include="..\Classes\testResource.h">
      <Filter>Classes</Filter>
    </ClInclude>
    <ClInclude Include="..\Classes\tests.h">
      <Filter>Classes</Filter>
    </ClInclude>
    <ClInclude Include="..\Classes\VisibleRect.h">
      <Filter>Classes</Filter>
    </ClInclude>
    <ClInclude Include="..\Classes\Scene3DTest\Scene3DTest.h">
      <Filter>Classes\Scene3DTest</Filter>
    </ClInclude>
    <ClInclude Include="..\Classes\TerrainTest\TerrainTest.h">
      <Filter>Classes\TerrainTest</Filter>
    </ClInclude>
  </ItemGroup>
</Project>